// !$*UTF8*$!
{
	archiveVersion = 1;
	classes = {
	};
	objectVersion = 50;
	objects = {

/* Begin PBXBuildFile section */
		C65D662C2446759800D0EE15 /* AppDelegate.swift in Sources */ = {isa = PBXBuildFile; fileRef = C65D662B2446759800D0EE15 /* AppDelegate.swift */; };
		C65D662E2446759800D0EE15 /* SceneDelegate.swift in Sources */ = {isa = PBXBuildFile; fileRef = C65D662D2446759800D0EE15 /* SceneDelegate.swift */; };
		C65D66302446759800D0EE15 /* ContentView.swift in Sources */ = {isa = PBXBuildFile; fileRef = C65D662F2446759800D0EE15 /* ContentView.swift */; };
		C65D66322446759A00D0EE15 /* Assets.xcassets in Resources */ = {isa = PBXBuildFile; fileRef = C65D66312446759A00D0EE15 /* Assets.xcassets */; };
		C65D66352446759A00D0EE15 /* Preview Assets.xcassets in Resources */ = {isa = PBXBuildFile; fileRef = C65D66342446759A00D0EE15 /* Preview Assets.xcassets */; };
		C65D66382446759A00D0EE15 /* LaunchScreen.storyboard in Resources */ = {isa = PBXBuildFile; fileRef = C65D66362446759A00D0EE15 /* LaunchScreen.storyboard */; };
		C65D66432446759A00D0EE15 /* plistTests.swift in Sources */ = {isa = PBXBuildFile; fileRef = C65D66422446759A00D0EE15 /* plistTests.swift */; };
		C65D664E2446759A00D0EE15 /* plistUITests.swift in Sources */ = {isa = PBXBuildFile; fileRef = C65D664D2446759A00D0EE15 /* plistUITests.swift */; };
/* End PBXBuildFile section */

/* Begin PBXContainerItemProxy section */
		C65D663F2446759A00D0EE15 /* PBXContainerItemProxy */ = {
			isa = PBXContainerItemProxy;
			containerPortal = C65D66202446759800D0EE15 /* Project object */;
			proxyType = 1;
			remoteGlobalIDString = C65D66272446759800D0EE15;
			remoteInfo = plist;
		};
		C65D664A2446759A00D0EE15 /* PBXContainerItemProxy */ = {
			isa = PBXContainerItemProxy;
			containerPortal = C65D66202446759800D0EE15 /* Project object */;
			proxyType = 1;
			remoteGlobalIDString = C65D66272446759800D0EE15;
			remoteInfo = plist;
		};
/* End PBXContainerItemProxy section */

/* Begin PBXFileReference section */
		C65D66282446759800D0EE15 /* plist.app */ = {isa = PBXFileReference; explicitFileType = wrapper.application; includeInIndex = 0; path = plist.app; sourceTree = BUILT_PRODUCTS_DIR; };
		C65D662B2446759800D0EE15 /* AppDelegate.swift */ = {isa = PBXFileReference; lastKnownFileType = sourcecode.swift; path = AppDelegate.swift; sourceTree = "<group>"; };
		C65D662D2446759800D0EE15 /* SceneDelegate.swift */ = {isa = PBXFileReference; lastKnownFileType = sourcecode.swift; path = SceneDelegate.swift; sourceTree = "<group>"; };
		C65D662F2446759800D0EE15 /* ContentView.swift */ = {isa = PBXFileReference; lastKnownFileType = sourcecode.swift; path = ContentView.swift; sourceTree = "<group>"; };
		C65D66312446759A00D0EE15 /* Assets.xcassets */ = {isa = PBXFileReference; lastKnownFileType = folder.assetcatalog; path = Assets.xcassets; sourceTree = "<group>"; };
		C65D66342446759A00D0EE15 /* Preview Assets.xcassets */ = {isa = PBXFileReference; lastKnownFileType = folder.assetcatalog; path = "Preview Assets.xcassets"; sourceTree = "<group>"; };
		C65D66372446759A00D0EE15 /* Base */ = {isa = PBXFileReference; lastKnownFileType = file.storyboard; name = Base; path = Base.lproj/LaunchScreen.storyboard; sourceTree = "<group>"; };
		C65D66392446759A00D0EE15 /* Info.plist */ = {isa = PBXFileReference; lastKnownFileType = text.plist.xml; path = Info.plist; sourceTree = "<group>"; };
		C65D663E2446759A00D0EE15 /* plistTests.xctest */ = {isa = PBXFileReference; explicitFileType = wrapper.cfbundle; includeInIndex = 0; path = plistTests.xctest; sourceTree = BUILT_PRODUCTS_DIR; };
		C65D66422446759A00D0EE15 /* plistTests.swift */ = {isa = PBXFileReference; lastKnownFileType = sourcecode.swift; path = plistTests.swift; sourceTree = "<group>"; };
		C65D66442446759A00D0EE15 /* Info.plist */ = {isa = PBXFileReference; lastKnownFileType = text.plist.xml; path = Info.plist; sourceTree = "<group>"; };
		C65D66492446759A00D0EE15 /* plistUITests.xctest */ = {isa = PBXFileReference; explicitFileType = wrapper.cfbundle; includeInIndex = 0; path = plistUITests.xctest; sourceTree = BUILT_PRODUCTS_DIR; };
		C65D664D2446759A00D0EE15 /* plistUITests.swift */ = {isa = PBXFileReference; lastKnownFileType = sourcecode.swift; path = plistUITests.swift; sourceTree = "<group>"; };
		C65D664F2446759A00D0EE15 /* Info.plist */ = {isa = PBXFileReference; lastKnownFileType = text.plist.xml; path = Info.plist; sourceTree = "<group>"; };
/* End PBXFileReference section */

/* Begin PBXFrameworksBuildPhase section */
		C65D66252446759800D0EE15 /* Frameworks */ = {
			isa = PBXFrameworksBuildPhase;
			buildActionMask = 2147483647;
			files = (
			);
			runOnlyForDeploymentPostprocessing = 0;
		};
		C65D663B2446759A00D0EE15 /* Frameworks */ = {
			isa = PBXFrameworksBuildPhase;
			buildActionMask = 2147483647;
			files = (
			);
			runOnlyForDeploymentPostprocessing = 0;
		};
		C65D66462446759A00D0EE15 /* Frameworks */ = {
			isa = PBXFrameworksBuildPhase;
			buildActionMask = 2147483647;
			files = (
			);
			runOnlyForDeploymentPostprocessing = 0;
		};
/* End PBXFrameworksBuildPhase section */

/* Begin PBXGroup section */
		C65D661F2446759800D0EE15 = {
			isa = PBXGroup;
			children = (
				C65D662A2446759800D0EE15 /* plist */,
				C65D66412446759A00D0EE15 /* plistTests */,
				C65D664C2446759A00D0EE15 /* plistUITests */,
				C65D66292446759800D0EE15 /* Products */,
			);
			sourceTree = "<group>";
		};
		C65D66292446759800D0EE15 /* Products */ = {
			isa = PBXGroup;
			children = (
				C65D66282446759800D0EE15 /* plist.app */,
				C65D663E2446759A00D0EE15 /* plistTests.xctest */,
				C65D66492446759A00D0EE15 /* plistUITests.xctest */,
			);
			name = Products;
			sourceTree = "<group>";
		};
		C65D662A2446759800D0EE15 /* plist */ = {
			isa = PBXGroup;
			children = (
				C65D662B2446759800D0EE15 /* AppDelegate.swift */,
				C65D662D2446759800D0EE15 /* SceneDelegate.swift */,
				C65D662F2446759800D0EE15 /* ContentView.swift */,
				C65D66312446759A00D0EE15 /* Assets.xcassets */,
				C65D66362446759A00D0EE15 /* LaunchScreen.storyboard */,
				C65D66392446759A00D0EE15 /* Info.plist */,
				C65D66332446759A00D0EE15 /* Preview Content */,
			);
			path = plist;
			sourceTree = "<group>";
		};
		C65D66332446759A00D0EE15 /* Preview Content */ = {
			isa = PBXGroup;
			children = (
				C65D66342446759A00D0EE15 /* Preview Assets.xcassets */,
			);
			path = "Preview Content";
			sourceTree = "<group>";
		};
		C65D66412446759A00D0EE15 /* plistTests */ = {
			isa = PBXGroup;
			children = (
				C65D66422446759A00D0EE15 /* plistTests.swift */,
				C65D66442446759A00D0EE15 /* Info.plist */,
			);
			path = plistTests;
			sourceTree = "<group>";
		};
		C65D664C2446759A00D0EE15 /* plistUITests */ = {
			isa = PBXGroup;
			children = (
				C65D664D2446759A00D0EE15 /* plistUITests.swift */,
				C65D664F2446759A00D0EE15 /* Info.plist */,
			);
			path = plistUITests;
			sourceTree = "<group>";
		};
/* End PBXGroup section */

/* Begin PBXNativeTarget section */
		C65D66272446759800D0EE15 /* plist */ = {
			isa = PBXNativeTarget;
			buildConfigurationList = C65D66522446759A00D0EE15 /* Build configuration list for PBXNativeTarget "plist" */;
			buildPhases = (
				C65D66242446759800D0EE15 /* Sources */,
				C65D66252446759800D0EE15 /* Frameworks */,
				C65D66262446759800D0EE15 /* Resources */,
			);
			buildRules = (
			);
			dependencies = (
			);
			name = plist;
			productName = plist;
			productReference = C65D66282446759800D0EE15 /* plist.app */;
			productType = "com.apple.product-type.application";
		};
		C65D663D2446759A00D0EE15 /* plistTests */ = {
			isa = PBXNativeTarget;
			buildConfigurationList = C65D66552446759A00D0EE15 /* Build configuration list for PBXNativeTarget "plistTests" */;
			buildPhases = (
				C65D663A2446759A00D0EE15 /* Sources */,
				C65D663B2446759A00D0EE15 /* Frameworks */,
				C65D663C2446759A00D0EE15 /* Resources */,
			);
			buildRules = (
			);
			dependencies = (
				C65D66402446759A00D0EE15 /* PBXTargetDependency */,
			);
			name = plistTests;
			productName = plistTests;
			productReference = C65D663E2446759A00D0EE15 /* plistTests.xctest */;
			productType = "com.apple.product-type.bundle.unit-test";
		};
		C65D66482446759A00D0EE15 /* plistUITests */ = {
			isa = PBXNativeTarget;
			buildConfigurationList = C65D66582446759A00D0EE15 /* Build configuration list for PBXNativeTarget "plistUITests" */;
			buildPhases = (
				C65D66452446759A00D0EE15 /* Sources */,
				C65D66462446759A00D0EE15 /* Frameworks */,
				C65D66472446759A00D0EE15 /* Resources */,
			);
			buildRules = (
			);
			dependencies = (
				C65D664B2446759A00D0EE15 /* PBXTargetDependency */,
			);
			name = plistUITests;
			productName = plistUITests;
			productReference = C65D66492446759A00D0EE15 /* plistUITests.xctest */;
			productType = "com.apple.product-type.bundle.ui-testing";
		};
/* End PBXNativeTarget section */

/* Begin PBXProject section */
		C65D66202446759800D0EE15 /* Project object */ = {
			isa = PBXProject;
			attributes = {
				LastSwiftUpdateCheck = 1140;
				LastUpgradeCheck = 1140;
				ORGANIZATIONNAME = "Semona Igama";
				TargetAttributes = {
					C65D66272446759800D0EE15 = {
						CreatedOnToolsVersion = 11.4;
					};
					C65D663D2446759A00D0EE15 = {
						CreatedOnToolsVersion = 11.4;
						TestTargetID = C65D66272446759800D0EE15;
					};
					C65D66482446759A00D0EE15 = {
						CreatedOnToolsVersion = 11.4;
						TestTargetID = C65D66272446759800D0EE15;
					};
				};
			};
			buildConfigurationList = C65D66232446759800D0EE15 /* Build configuration list for PBXProject "plist" */;
			compatibilityVersion = "Xcode 9.3";
			developmentRegion = en;
			hasScannedForEncodings = 0;
			knownRegions = (
				en,
				Base,
			);
			mainGroup = C65D661F2446759800D0EE15;
			productRefGroup = C65D66292446759800D0EE15 /* Products */;
			projectDirPath = "";
			projectRoot = "";
			targets = (
				C65D66272446759800D0EE15 /* plist */,
				C65D663D2446759A00D0EE15 /* plistTests */,
				C65D66482446759A00D0EE15 /* plistUITests */,
			);
		};
/* End PBXProject section */

/* Begin PBXResourcesBuildPhase section */
		C65D66262446759800D0EE15 /* Resources */ = {
			isa = PBXResourcesBuildPhase;
			buildActionMask = 2147483647;
			files = (
				C65D66382446759A00D0EE15 /* LaunchScreen.storyboard in Resources */,
				C65D66352446759A00D0EE15 /* Preview Assets.xcassets in Resources */,
				C65D66322446759A00D0EE15 /* Assets.xcassets in Resources */,
			);
			runOnlyForDeploymentPostprocessing = 0;
		};
		C65D663C2446759A00D0EE15 /* Resources */ = {
			isa = PBXResourcesBuildPhase;
			buildActionMask = 2147483647;
			files = (
			);
			runOnlyForDeploymentPostprocessing = 0;
		};
		C65D66472446759A00D0EE15 /* Resources */ = {
			isa = PBXResourcesBuildPhase;
			buildActionMask = 2147483647;
			files = (
			);
			runOnlyForDeploymentPostprocessing = 0;
		};
/* End PBXResourcesBuildPhase section */

/* Begin PBXSourcesBuildPhase section */
		C65D66242446759800D0EE15 /* Sources */ = {
			isa = PBXSourcesBuildPhase;
			buildActionMask = 2147483647;
			files = (
				C65D662C2446759800D0EE15 /* AppDelegate.swift in Sources */,
				C65D662E2446759800D0EE15 /* SceneDelegate.swift in Sources */,
				C65D66302446759800D0EE15 /* ContentView.swift in Sources */,
			);
			runOnlyForDeploymentPostprocessing = 0;
		};
		C65D663A2446759A00D0EE15 /* Sources */ = {
			isa = PBXSourcesBuildPhase;
			buildActionMask = 2147483647;
			files = (
				C65D66432446759A00D0EE15 /* plistTests.swift in Sources */,
			);
			runOnlyForDeploymentPostprocessing = 0;
		};
		C65D66452446759A00D0EE15 /* Sources */ = {
			isa = PBXSourcesBuildPhase;
			buildActionMask = 2147483647;
			files = (
				C65D664E2446759A00D0EE15 /* plistUITests.swift in Sources */,
			);
			runOnlyForDeploymentPostprocessing = 0;
		};
/* End PBXSourcesBuildPhase section */

/* Begin PBXTargetDependency section */
		C65D66402446759A00D0EE15 /* PBXTargetDependency */ = {
			isa = PBXTargetDependency;
			target = C65D66272446759800D0EE15 /* plist */;
			targetProxy = C65D663F2446759A00D0EE15 /* PBXContainerItemProxy */;
		};
		C65D664B2446759A00D0EE15 /* PBXTargetDependency */ = {
			isa = PBXTargetDependency;
			target = C65D66272446759800D0EE15 /* plist */;
			targetProxy = C65D664A2446759A00D0EE15 /* PBXContainerItemProxy */;
		};
/* End PBXTargetDependency section */

/* Begin PBXVariantGroup section */
		C65D66362446759A00D0EE15 /* LaunchScreen.storyboard */ = {
			isa = PBXVariantGroup;
			children = (
				C65D66372446759A00D0EE15 /* Base */,
			);
			name = LaunchScreen.storyboard;
			sourceTree = "<group>";
		};
/* End PBXVariantGroup section */

/* Begin XCBuildConfiguration section */
		C65D66502446759A00D0EE15 /* Debug */ = {
			isa = XCBuildConfiguration;
			buildSettings = {
				ALWAYS_SEARCH_USER_PATHS = NO;
				CLANG_ANALYZER_NONNULL = YES;
				CLANG_ANALYZER_NUMBER_OBJECT_CONVERSION = YES_AGGRESSIVE;
				CLANG_CXX_LANGUAGE_STANDARD = "gnu++14";
				CLANG_CXX_LIBRARY = "libc++";
				CLANG_ENABLE_MODULES = YES;
				CLANG_ENABLE_OBJC_ARC = YES;
				CLANG_ENABLE_OBJC_WEAK = YES;
				CLANG_WARN_BLOCK_CAPTURE_AUTORELEASING = YES;
				CLANG_WARN_BOOL_CONVERSION = YES;
				CLANG_WARN_COMMA = YES;
				CLANG_WARN_CONSTANT_CONVERSION = YES;
				CLANG_WARN_DEPRECATED_OBJC_IMPLEMENTATIONS = YES;
				CLANG_WARN_DIRECT_OBJC_ISA_USAGE = YES_ERROR;
				CLANG_WARN_DOCUMENTATION_COMMENTS = YES;
				CLANG_WARN_EMPTY_BODY = YES;
				CLANG_WARN_ENUM_CONVERSION = YES;
				CLANG_WARN_INFINITE_RECURSION = YES;
				CLANG_WARN_INT_CONVERSION = YES;
				CLANG_WARN_NON_LITERAL_NULL_CONVERSION = YES;
				CLANG_WARN_OBJC_IMPLICIT_RETAIN_SELF = YES;
				CLANG_WARN_OBJC_LITERAL_CONVERSION = YES;
				CLANG_WARN_OBJC_ROOT_CLASS = YES_ERROR;
				CLANG_WARN_RANGE_LOOP_ANALYSIS = YES;
				CLANG_WARN_STRICT_PROTOTYPES = YES;
				CLANG_WARN_SUSPICIOUS_MOVE = YES;
				CLANG_WARN_UNGUARDED_AVAILABILITY = YES_AGGRESSIVE;
				CLANG_WARN_UNREACHABLE_CODE = YES;
				CLANG_WARN__DUPLICATE_METHOD_MATCH = YES;
				COPY_PHASE_STRIP = NO;
				DEBUG_INFORMATION_FORMAT = dwarf;
				ENABLE_STRICT_OBJC_MSGSEND = YES;
				ENABLE_TESTABILITY = YES;
				GCC_C_LANGUAGE_STANDARD = gnu11;
				GCC_DYNAMIC_NO_PIC = NO;
				GCC_NO_COMMON_BLOCKS = YES;
				GCC_OPTIMIZATION_LEVEL = 0;
				GCC_PREPROCESSOR_DEFINITIONS = (
					"DEBUG=1",
					"$(inherited)",
				);
				GCC_WARN_64_TO_32_BIT_CONVERSION = YES;
				GCC_WARN_ABOUT_RETURN_TYPE = YES_ERROR;
				GCC_WARN_UNDECLARED_SELECTOR = YES;
				GCC_WARN_UNINITIALIZED_AUTOS = YES_AGGRESSIVE;
				GCC_WARN_UNUSED_FUNCTION = YES;
				GCC_WARN_UNUSED_VARIABLE = YES;
				IPHONEOS_DEPLOYMENT_TARGET = 13.4;
				MTL_ENABLE_DEBUG_INFO = INCLUDE_SOURCE;
				MTL_FAST_MATH = YES;
				ONLY_ACTIVE_ARCH = YES;
				SDKROOT = iphoneos;
				SWIFT_ACTIVE_COMPILATION_CONDITIONS = DEBUG;
				SWIFT_OPTIMIZATION_LEVEL = "-Onone";
			};
			name = Debug;
		};
		C65D66512446759A00D0EE15 /* Release */ = {
			isa = XCBuildConfiguration;
			buildSettings = {
				ALWAYS_SEARCH_USER_PATHS = NO;
				CLANG_ANALYZER_NONNULL = YES;
				CLANG_ANALYZER_NUMBER_OBJECT_CONVERSION = YES_AGGRESSIVE;
				CLANG_CXX_LANGUAGE_STANDARD = "gnu++14";
				CLANG_CXX_LIBRARY = "libc++";
				CLANG_ENABLE_MODULES = YES;
				CLANG_ENABLE_OBJC_ARC = YES;
				CLANG_ENABLE_OBJC_WEAK = YES;
				CLANG_WARN_BLOCK_CAPTURE_AUTORELEASING = YES;
				CLANG_WARN_BOOL_CONVERSION = YES;
				CLANG_WARN_COMMA = YES;
				CLANG_WARN_CONSTANT_CONVERSION = YES;
				CLANG_WARN_DEPRECATED_OBJC_IMPLEMENTATIONS = YES;
				CLANG_WARN_DIRECT_OBJC_ISA_USAGE = YES_ERROR;
				CLANG_WARN_DOCUMENTATION_COMMENTS = YES;
				CLANG_WARN_EMPTY_BODY = YES;
				CLANG_WARN_ENUM_CONVERSION = YES;
				CLANG_WARN_INFINITE_RECURSION = YES;
				CLANG_WARN_INT_CONVERSION = YES;
				CLANG_WARN_NON_LITERAL_NULL_CONVERSION = YES;
				CLANG_WARN_OBJC_IMPLICIT_RETAIN_SELF = YES;
				CLANG_WARN_OBJC_LITERAL_CONVERSION = YES;
				CLANG_WARN_OBJC_ROOT_CLASS = YES_ERROR;
				CLANG_WARN_RANGE_LOOP_ANALYSIS = YES;
				CLANG_WARN_STRICT_PROTOTYPES = YES;
				CLANG_WARN_SUSPICIOUS_MOVE = YES;
				CLANG_WARN_UNGUARDED_AVAILABILITY = YES_AGGRESSIVE;
				CLANG_WARN_UNREACHABLE_CODE = YES;
				CLANG_WARN__DUPLICATE_METHOD_MATCH = YES;
				COPY_PHASE_STRIP = NO;
				DEBUG_INFORMATION_FORMAT = "dwarf-with-dsym";
				ENABLE_NS_ASSERTIONS = NO;
				ENABLE_STRICT_OBJC_MSGSEND = YES;
				GCC_C_LANGUAGE_STANDARD = gnu11;
				GCC_NO_COMMON_BLOCKS = YES;
				GCC_WARN_64_TO_32_BIT_CONVERSION = YES;
				GCC_WARN_ABOUT_RETURN_TYPE = YES_ERROR;
				GCC_WARN_UNDECLARED_SELECTOR = YES;
				GCC_WARN_UNINITIALIZED_AUTOS = YES_AGGRESSIVE;
				GCC_WARN_UNUSED_FUNCTION = YES;
				GCC_WARN_UNUSED_VARIABLE = YES;
				IPHONEOS_DEPLOYMENT_TARGET = 13.4;
				MTL_ENABLE_DEBUG_INFO = NO;
				MTL_FAST_MATH = YES;
				SDKROOT = iphoneos;
				SWIFT_COMPILATION_MODE = wholemodule;
				SWIFT_OPTIMIZATION_LEVEL = "-O";
				VALIDATE_PRODUCT = YES;
			};
			name = Release;
		};
		C65D66532446759A00D0EE15 /* Debug */ = {
			isa = XCBuildConfiguration;
			buildSettings = {
				ASSETCATALOG_COMPILER_APPICON_NAME = AppIcon;
				CODE_SIGN_STYLE = Automatic;
				DEVELOPMENT_ASSET_PATHS = "\"plist/Preview Content\"";
				ENABLE_PREVIEWS = YES;
				INFOPLIST_FILE = plist/Info.plist;
				LD_RUNPATH_SEARCH_PATHS = (
					"$(inherited)",
					"@executable_path/Frameworks",
				);
				PRODUCT_BUNDLE_IDENTIFIER = Okta.plist;
				PRODUCT_NAME = "$(TARGET_NAME)";
				SWIFT_VERSION = 5.0;
				TARGETED_DEVICE_FAMILY = "1,2";
			};
			name = Debug;
		};
		C65D66542446759A00D0EE15 /* Release */ = {
			isa = XCBuildConfiguration;
			buildSettings = {
				ASSETCATALOG_COMPILER_APPICON_NAME = AppIcon;
				CODE_SIGN_STYLE = Automatic;
				DEVELOPMENT_ASSET_PATHS = "\"plist/Preview Content\"";
				ENABLE_PREVIEWS = YES;
				INFOPLIST_FILE = plist/Info.plist;
				LD_RUNPATH_SEARCH_PATHS = (
					"$(inherited)",
					"@executable_path/Frameworks",
				);
				PRODUCT_BUNDLE_IDENTIFIER = Okta.plist;
				PRODUCT_NAME = "$(TARGET_NAME)";
				SWIFT_VERSION = 5.0;
				TARGETED_DEVICE_FAMILY = "1,2";
			};
			name = Release;
		};
		C65D66562446759A00D0EE15 /* Debug */ = {
			isa = XCBuildConfiguration;
			buildSettings = {
				ALWAYS_EMBED_SWIFT_STANDARD_LIBRARIES = YES;
				BUNDLE_LOADER = "$(TEST_HOST)";
				CODE_SIGN_STYLE = Automatic;
				INFOPLIST_FILE = plistTests/Info.plist;
				IPHONEOS_DEPLOYMENT_TARGET = 13.4;
				LD_RUNPATH_SEARCH_PATHS = (
					"$(inherited)",
					"@executable_path/Frameworks",
					"@loader_path/Frameworks",
				);
				PRODUCT_BUNDLE_IDENTIFIER = Okta.plistTests;
				PRODUCT_NAME = "$(TARGET_NAME)";
				SWIFT_VERSION = 5.0;
				TARGETED_DEVICE_FAMILY = "1,2";
				TEST_HOST = "$(BUILT_PRODUCTS_DIR)/plist.app/plist";
			};
			name = Debug;
		};
		C65D66572446759A00D0EE15 /* Release */ = {
			isa = XCBuildConfiguration;
			buildSettings = {
				ALWAYS_EMBED_SWIFT_STANDARD_LIBRARIES = YES;
				BUNDLE_LOADER = "$(TEST_HOST)";
				CODE_SIGN_STYLE = Automatic;
				INFOPLIST_FILE = plistTests/Info.plist;
				IPHONEOS_DEPLOYMENT_TARGET = 13.4;
				LD_RUNPATH_SEARCH_PATHS = (
					"$(inherited)",
					"@executable_path/Frameworks",
					"@loader_path/Frameworks",
				);
				PRODUCT_BUNDLE_IDENTIFIER = Okta.plistTests;
				PRODUCT_NAME = "$(TARGET_NAME)";
				SWIFT_VERSION = 5.0;
				TARGETED_DEVICE_FAMILY = "1,2";
				TEST_HOST = "$(BUILT_PRODUCTS_DIR)/plist.app/plist";
			};
			name = Release;
		};
		C65D66592446759A00D0EE15 /* Debug */ = {
			isa = XCBuildConfiguration;
			buildSettings = {
				ALWAYS_EMBED_SWIFT_STANDARD_LIBRARIES = YES;
				CODE_SIGN_STYLE = Automatic;
				INFOPLIST_FILE = plistUITests/Info.plist;
				LD_RUNPATH_SEARCH_PATHS = (
					"$(inherited)",
					"@executable_path/Frameworks",
					"@loader_path/Frameworks",
				);
				PRODUCT_BUNDLE_IDENTIFIER = Okta.plistUITests;
				PRODUCT_NAME = "$(TARGET_NAME)";
				SWIFT_VERSION = 5.0;
				TARGETED_DEVICE_FAMILY = "1,2";
				TEST_TARGET_NAME = plist;
			};
			name = Debug;
		};
		C65D665A2446759A00D0EE15 /* Release */ = {
			isa = XCBuildConfiguration;
			buildSettings = {
				ALWAYS_EMBED_SWIFT_STANDARD_LIBRARIES = YES;
				CODE_SIGN_STYLE = Automatic;
				INFOPLIST_FILE = plistUITests/Info.plist;
				LD_RUNPATH_SEARCH_PATHS = (
					"$(inherited)",
					"@executable_path/Frameworks",
					"@loader_path/Frameworks",
				);
				PRODUCT_BUNDLE_IDENTIFIER = Okta.plistUITests;
				PRODUCT_NAME = "$(TARGET_NAME)";
				SWIFT_VERSION = 5.0;
				TARGETED_DEVICE_FAMILY = "1,2";
				TEST_TARGET_NAME = plist;
			};
			name = Release;
		};
/* End XCBuildConfiguration section */

/* Begin XCConfigurationList section */
		C65D66232446759800D0EE15 /* Build configuration list for PBXProject "plist" */ = {
			isa = XCConfigurationList;
			buildConfigurations = (
				C65D66502446759A00D0EE15 /* Debug */,
				C65D66512446759A00D0EE15 /* Release */,
			);
			defaultConfigurationIsVisible = 0;
			defaultConfigurationName = Release;
		};
		C65D66522446759A00D0EE15 /* Build configuration list for PBXNativeTarget "plist" */ = {
			isa = XCConfigurationList;
			buildConfigurations = (
				C65D66532446759A00D0EE15 /* Debug */,
				C65D66542446759A00D0EE15 /* Release */,
			);
			defaultConfigurationIsVisible = 0;
			defaultConfigurationName = Release;
		};
		C65D66552446759A00D0EE15 /* Build configuration list for PBXNativeTarget "plistTests" */ = {
			isa = XCConfigurationList;
			buildConfigurations = (
				C65D66562446759A00D0EE15 /* Debug */,
				C65D66572446759A00D0EE15 /* Release */,
			);
			defaultConfigurationIsVisible = 0;
			defaultConfigurationName = Release;
		};
		C65D66582446759A00D0EE15 /* Build configuration list for PBXNativeTarget "plistUITests" */ = {
			isa = XCConfigurationList;
			buildConfigurations = (
				C65D66592446759A00D0EE15 /* Debug */,
				C65D665A2446759A00D0EE15 /* Release */,
			);
			defaultConfigurationIsVisible = 0;
			defaultConfigurationName = Release;
		};
/* End XCConfigurationList section */
	};
	rootObject = C65D66202446759800D0EE15 /* Project object */;
}
